
Microsoft Visual Studio Solution File, Format Version 12.00
# Visual Studio Version 17
VisualStudioVersion = 17.11.35312.102
MinimumVisualStudioVersion = 10.0.40219.1
Project("{FAE04EC0-301F-11D3-BF4B-00C04F79EFBC}") = "ToDoListApi", "ToDoListApi\ToDoListApi.csproj", "{71B2F4DC-9C41-4815-AC75-9204A68C7129}"
EndProject
Global
	GlobalSection(SolutionConfigurationPlatforms) = preSolution
		Debug|Any CPU = Debug|Any CPU
		Release|Any CPU = Release|Any CPU
	EndGlobalSection
	GlobalSection(ProjectConfigurationPlatforms) = postSolution
		{71B2F4DC-9C41-4815-AC75-9204A68C7129}.Debug|Any CPU.ActiveCfg = Debug|Any CPU
		{71B2F4DC-9C41-4815-AC75-9204A68C7129}.Debug|Any CPU.Build.0 = Debug|Any CPU
		{71B2F4DC-9C41-4815-AC75-9204A68C7129}.Release|Any CPU.ActiveCfg = Release|Any CPU
		{71B2F4DC-9C41-4815-AC75-9204A68C7129}.Release|Any CPU.Build.0 = Release|Any CPU
	EndGlobalSection
	GlobalSection(SolutionProperties) = preSolution
		HideSolutionNode = FALSE
	EndGlobalSection
	GlobalSection(ExtensibilityGlobals) = postSolution
		SolutionGuid = {1F3D017C-8355-43A9-AF93-B8B2D0FECF05}
	EndGlobalSection
EndGlobal
